
Microsoft Visual Studio Solution File, Format Version 12.00
# Visual Studio Version 17
VisualStudioVersion = 17.1.32328.378
MinimumVisualStudioVersion = 10.0.40219.1
Project("{9A19103F-16F7-4668-BE54-9A1E7A4F7556}") = "Application.Api", "WebApi\Application.Api.csproj", "{2303F15E-6A31-47F5-B31C-4EE5CB855F36}"
EndProject
Project("{9A19103F-16F7-4668-BE54-9A1E7A4F7556}") = "Application.Core", "Application.Core\Application.Core.csproj", "{EDBB2984-E33D-4521-947E-75C4E239BF86}"
EndProject
Project("{9A19103F-16F7-4668-BE54-9A1E7A4F7556}") = "Application.xUnit.Tests", "Application.Tests\Application.xUnit.Tests.csproj", "{58A851D3-342D-4F42-A7E4-F3CA96254F7A}"
EndProject
Project("{9A19103F-16F7-4668-BE54-9A1E7A4F7556}") = "Application.nUnit.Tests", "Application.Nunit.Tests\Application.nUnit.Tests.csproj", "{81828315-9F6A-4CFB-B7F7-482210DFC4C7}"
EndProject
Global
	GlobalSection(SolutionConfigurationPlatforms) = preSolution
		Debug|Any CPU = Debug|Any CPU
		Release|Any CPU = Release|Any CPU
	EndGlobalSection
	GlobalSection(ProjectConfigurationPlatforms) = postSolution
		{2303F15E-6A31-47F5-B31C-4EE5CB855F36}.Debug|Any CPU.ActiveCfg = Debug|Any CPU
		{2303F15E-6A31-47F5-B31C-4EE5CB855F36}.Debug|Any CPU.Build.0 = Debug|Any CPU
		{2303F15E-6A31-47F5-B31C-4EE5CB855F36}.Release|Any CPU.ActiveCfg = Release|Any CPU
		{2303F15E-6A31-47F5-B31C-4EE5CB855F36}.Release|Any CPU.Build.0 = Release|Any CPU
		{EDBB2984-E33D-4521-947E-75C4E239BF86}.Debug|Any CPU.ActiveCfg = Debug|Any CPU
		{EDBB2984-E33D-4521-947E-75C4E239BF86}.Debug|Any CPU.Build.0 = Debug|Any CPU
		{EDBB2984-E33D-4521-947E-75C4E239BF86}.Release|Any CPU.ActiveCfg = Release|Any CPU
		{EDBB2984-E33D-4521-947E-75C4E239BF86}.Release|Any CPU.Build.0 = Release|Any CPU
		{58A851D3-342D-4F42-A7E4-F3CA96254F7A}.Debug|Any CPU.ActiveCfg = Debug|Any CPU
		{58A851D3-342D-4F42-A7E4-F3CA96254F7A}.Debug|Any CPU.Build.0 = Debug|Any CPU
		{58A851D3-342D-4F42-A7E4-F3CA96254F7A}.Release|Any CPU.ActiveCfg = Release|Any CPU
		{58A851D3-342D-4F42-A7E4-F3CA96254F7A}.Release|Any CPU.Build.0 = Release|Any CPU
		{81828315-9F6A-4CFB-B7F7-482210DFC4C7}.Debug|Any CPU.ActiveCfg = Debug|Any CPU
		{81828315-9F6A-4CFB-B7F7-482210DFC4C7}.Debug|Any CPU.Build.0 = Debug|Any CPU
		{81828315-9F6A-4CFB-B7F7-482210DFC4C7}.Release|Any CPU.ActiveCfg = Release|Any CPU
		{81828315-9F6A-4CFB-B7F7-482210DFC4C7}.Release|Any CPU.Build.0 = Release|Any CPU
	EndGlobalSection
	GlobalSection(SolutionProperties) = preSolution
		HideSolutionNode = FALSE
	EndGlobalSection
	GlobalSection(ExtensibilityGlobals) = postSolution
		SolutionGuid = {57176CD1-B516-43B1-83AF-CF30E8E2CC96}
	EndGlobalSection
EndGlobal
